
Microsoft Visual Studio Solution File, Format Version 12.00
# Visual Studio Version 16
VisualStudioVersion = 16.0.29306.81
MinimumVisualStudioVersion = 10.0.40219.1
Project("{FAE04EC0-301F-11D3-BF4B-00C04F79EFBC}") = "Aoc2019", "Aoc2019\Aoc2019.csproj", "{4B33C8BA-2852-49F3-9D2D-43A8A846DDF1}"
EndProject
Project("{FAE04EC0-301F-11D3-BF4B-00C04F79EFBC}") = "Aoc2019.Tests", "Aoc2019.Tests\Aoc2019.Tests.csproj", "{12735FEB-E150-4B4E-B492-0E216AC96303}"
EndProject
Global
	GlobalSection(SolutionConfigurationPlatforms) = preSolution
		Debug|Any CPU = Debug|Any CPU
		Release|Any CPU = Release|Any CPU
	EndGlobalSection
	GlobalSection(ProjectConfigurationPlatforms) = postSolution
		{4B33C8BA-2852-49F3-9D2D-43A8A846DDF1}.Debug|Any CPU.ActiveCfg = Debug|Any CPU
		{4B33C8BA-2852-49F3-9D2D-43A8A846DDF1}.Debug|Any CPU.Build.0 = Debug|Any CPU
		{4B33C8BA-2852-49F3-9D2D-43A8A846DDF1}.Release|Any CPU.ActiveCfg = Release|Any CPU
		{4B33C8BA-2852-49F3-9D2D-43A8A846DDF1}.Release|Any CPU.Build.0 = Release|Any CPU
		{12735FEB-E150-4B4E-B492-0E216AC96303}.Debug|Any CPU.ActiveCfg = Debug|Any CPU
		{12735FEB-E150-4B4E-B492-0E216AC96303}.Debug|Any CPU.Build.0 = Debug|Any CPU
		{12735FEB-E150-4B4E-B492-0E216AC96303}.Release|Any CPU.ActiveCfg = Release|Any CPU
		{12735FEB-E150-4B4E-B492-0E216AC96303}.Release|Any CPU.Build.0 = Release|Any CPU
	EndGlobalSection
	GlobalSection(SolutionProperties) = preSolution
		HideSolutionNode = FALSE
	EndGlobalSection
	GlobalSection(ExtensibilityGlobals) = postSolution
		SolutionGuid = {3E17DD5C-A5ED-4792-AD6F-3F13B043328E}
	EndGlobalSection
EndGlobal
